github.com/cardil/knative-multimodule-release-check/pkg/plugin v0.0.0-20240423185839-82be4ba3c61b h1:bXuRNDLjo8LLP68joRD98eSKYiNGrUduE8n9gOGj4Hs=
github.com/cardil/knative-multimodule-release-check/pkg/plugin v0.0.0-20240423185839-82be4ba3c61b/go.mod h1:Wq6pAGJ0LDCno5rX4DZdJlcqHBtrmtv29PLKMUcExfI=
github.com/davecgh/go-spew v1.1.1 h1:vj9j/u1bqnvCEfJOwUhtlOARqs3+rkHYY13jYWTU97c=
github.com/davecgh/go-spew v1.1.1/go.mod h1:J7Y8YcW2NihsgmVo/mv3lAwl/skON4iLHjSsI+c5H38=
k8s.io/utils v0.0.0-20240310230437-4693a0247e57 h1:gbqbevonBh57eILzModw6mrkbwM0gQBEuevE/AaBsHY=
k8s.io/utils v0.0.0-20240310230437-4693a0247e57/go.mod h1:OLgZIPagt7ERELqWJFomSt595RzquPNLL48iOWgYOg0=
k8s.io/utils v0.0.0-20240423183400-0849a56e8f22 h1:ao5hUqGhsqdm+bYbjH/pRkCs0unBGe9UyDahzs9zQzQ=
k8s.io/utils v0.0.0-20240423183400-0849a56e8f22/go.mod h1:OLgZIPagt7ERELqWJFomSt595RzquPNLL48iOWgYOg0=
knative.dev/hack v0.0.0-20240418013430-9f6c92e9ee3f h1:6vJE1P27cglWL4Xdpv971v1OU3TJrUtZUw8DG61HQ2o=
knative.dev/hack v0.0.0-20240418013430-9f6c92e9ee3f/go.mod h1:yk2OjGDsbEnQjfxdm0/HJKS2WqTLEFg/N6nUs6Rqx3Q=
